
Microsoft Visual Studio Solution File, Format Version 12.00
# Visual Studio Version 16
VisualStudioVersion = 16.0.31402.337
MinimumVisualStudioVersion = 10.0.40219.1
Project("{FAE04EC0-301F-11D3-BF4B-00C04F79EFBC}") = "RBXRebuilder", "RBXRebuilder\RBXRebuilder.csproj", "{9D07FD83-EFA3-42C4-AE2E-AF3FBD94090D}"
EndProject
Global
	GlobalSection(SolutionConfigurationPlatforms) = preSolution
		Debug|Any CPU = Debug|Any CPU
		Release|Any CPU = Release|Any CPU
	EndGlobalSection
	GlobalSection(ProjectConfigurationPlatforms) = postSolution
		{9D07FD83-EFA3-42C4-AE2E-AF3FBD94090D}.Debug|Any CPU.ActiveCfg = Debug|Any CPU
		{9D07FD83-EFA3-42C4-AE2E-AF3FBD94090D}.Debug|Any CPU.Build.0 = Debug|Any CPU
		{9D07FD83-EFA3-42C4-AE2E-AF3FBD94090D}.Release|Any CPU.ActiveCfg = Release|Any CPU
		{9D07FD83-EFA3-42C4-AE2E-AF3FBD94090D}.Release|Any CPU.Build.0 = Release|Any CPU
	EndGlobalSection
	GlobalSection(SolutionProperties) = preSolution
		HideSolutionNode = FALSE
	EndGlobalSection
	GlobalSection(ExtensibilityGlobals) = postSolution
		SolutionGuid = {5AA4F7CA-1FE7-44C5-8526-032E3FE95C06}
	EndGlobalSection
EndGlobal
